// !$*UTF8*$!
{
	archiveVersion = 1;
	classes = {
	};
	objectVersion = 56;
	objects = {

/* Begin PBXBuildFile section */
		46661CD92BC3777C0089ABF5 /* To_Do_ListStaticApp.swift in Sources */ = {isa = PBXBuildFile; fileRef = 46661CD82BC3777C0089ABF5 /* To_Do_ListStaticApp.swift */; };
		46661CDB2BC3777C0089ABF5 /* LandingView.swift in Sources */ = {isa = PBXBuildFile; fileRef = 46661CDA2BC3777C0089ABF5 /* LandingView.swift */; };
		46661CDD2BC3777F0089ABF5 /* Assets.xcassets in Resources */ = {isa = PBXBuildFile; fileRef = 46661CDC2BC3777F0089ABF5 /* Assets.xcassets */; };
		46661CE02BC3777F0089ABF5 /* Preview Assets.xcassets in Resources */ = {isa = PBXBuildFile; fileRef = 46661CDF2BC3777F0089ABF5 /* Preview Assets.xcassets */; };
		46E16C982BC4334C004A414B /* ItemView.swift in Sources */ = {isa = PBXBuildFile; fileRef = 46E16C972BC4334C004A414B /* ItemView.swift */; };
		46F5B4DC2BC4B743001270B2 /* ToDoItem.swift in Sources */ = {isa = PBXBuildFile; fileRef = 46F5B4DB2BC4B743001270B2 /* ToDoItem.swift */; };
		46F5B4E12BFF7395001270B2 /* Auth in Frameworks */ = {isa = PBXBuildFile; productRef = 46F5B4E02BFF7395001270B2 /* Auth */; };
		46F5B4E32BFF7395001270B2 /* Functions in Frameworks */ = {isa = PBXBuildFile; productRef = 46F5B4E22BFF7395001270B2 /* Functions */; };
		46F5B4E52BFF7395001270B2 /* PostgREST in Frameworks */ = {isa = PBXBuildFile; productRef = 46F5B4E42BFF7395001270B2 /* PostgREST */; };
		46F5B4E72BFF7395001270B2 /* Realtime in Frameworks */ = {isa = PBXBuildFile; productRef = 46F5B4E62BFF7395001270B2 /* Realtime */; };
		46F5B4E92BFF7395001270B2 /* Storage in Frameworks */ = {isa = PBXBuildFile; productRef = 46F5B4E82BFF7395001270B2 /* Storage */; };
		46F5B4EB2BFF7395001270B2 /* Supabase in Frameworks */ = {isa = PBXBuildFile; productRef = 46F5B4EA2BFF7395001270B2 /* Supabase */; };
		46F5B4ED2BFF74F7001270B2 /* Supabase.swift in Sources */ = {isa = PBXBuildFile; fileRef = 46F5B4EC2BFF74F7001270B2 /* Supabase.swift */; };
/* End PBXBuildFile section */

/* Begin PBXFileReference section */
		46661CD52BC3777C0089ABF5 /* To-Do-ListStatic.app */ = {isa = PBXFileReference; explicitFileType = wrapper.application; includeInIndex = 0; path = "To-Do-ListStatic.app"; sourceTree = BUILT_PRODUCTS_DIR; };
		46661CD82BC3777C0089ABF5 /* To_Do_ListStaticApp.swift */ = {isa = PBXFileReference; lastKnownFileType = sourcecode.swift; path = To_Do_ListStaticApp.swift; sourceTree = "<group>"; };
		46661CDA2BC3777C0089ABF5 /* LandingView.swift */ = {isa = PBXFileReference; lastKnownFileType = sourcecode.swift; path = LandingView.swift; sourceTree = "<group>"; };
		46661CDC2BC3777F0089ABF5 /* Assets.xcassets */ = {isa = PBXFileReference; lastKnownFileType = folder.assetcatalog; path = Assets.xcassets; sourceTree = "<group>"; };
		46661CDF2BC3777F0089ABF5 /* Preview Assets.xcassets */ = {isa = PBXFileReference; lastKnownFileType = folder.assetcatalog; path = "Preview Assets.xcassets"; sourceTree = "<group>"; };
		46E16C972BC4334C004A414B /* ItemView.swift */ = {isa = PBXFileReference; lastKnownFileType = sourcecode.swift; path = ItemView.swift; sourceTree = "<group>"; };
		46F5B4DB2BC4B743001270B2 /* ToDoItem.swift */ = {isa = PBXFileReference; lastKnownFileType = sourcecode.swift; path = ToDoItem.swift; sourceTree = "<group>"; };
		46F5B4EC2BFF74F7001270B2 /* Supabase.swift */ = {isa = PBXFileReference; lastKnownFileType = sourcecode.swift; path = Supabase.swift; sourceTree = "<group>"; };
/* End PBXFileReference section */

/* Begin PBXFrameworksBuildPhase section */
		46661CD22BC3777C0089ABF5 /* Frameworks */ = {
			isa = PBXFrameworksBuildPhase;
			buildActionMask = 2147483647;
			files = (
				46F5B4E52BFF7395001270B2 /* PostgREST in Frameworks */,
				46F5B4E32BFF7395001270B2 /* Functions in Frameworks */,
				46F5B4EB2BFF7395001270B2 /* Supabase in Frameworks */,
				46F5B4E12BFF7395001270B2 /* Auth in Frameworks */,
				46F5B4E92BFF7395001270B2 /* Storage in Frameworks */,
				46F5B4E72BFF7395001270B2 /* Realtime in Frameworks */,
			);
			runOnlyForDeploymentPostprocessing = 0;
		};
/* End PBXFrameworksBuildPhase section */

/* Begin PBXGroup section */
		46661CCC2BC3777C0089ABF5 = {
			isa = PBXGroup;
			children = (
				46661CD72BC3777C0089ABF5 /* To-Do-ListStatic */,
				46661CD62BC3777C0089ABF5 /* Products */,
			);
			sourceTree = "<group>";
		};
		46661CD62BC3777C0089ABF5 /* Products */ = {
			isa = PBXGroup;
			children = (
				46661CD52BC3777C0089ABF5 /* To-Do-ListStatic.app */,
			);
			name = Products;
			sourceTree = "<group>";
		};
		46661CD72BC3777C0089ABF5 /* To-Do-ListStatic */ = {
			isa = PBXGroup;
			children = (
				46661CD82BC3777C0089ABF5 /* To_Do_ListStaticApp.swift */,
				46F5B4DA2BC440D8001270B2 /* Helpers */,
				46E16C992BC433AB004A414B /* Model */,
				46E16C952BC42F43004A414B /* Views */,
				46661CDC2BC3777F0089ABF5 /* Assets.xcassets */,
				46661CDE2BC3777F0089ABF5 /* Preview Content */,
			);
			path = "To-Do-ListStatic";
			sourceTree = "<group>";
		};
		46661CDE2BC3777F0089ABF5 /* Preview Content */ = {
			isa = PBXGroup;
			children = (
				46661CDF2BC3777F0089ABF5 /* Preview Assets.xcassets */,
			);
			path = "Preview Content";
			sourceTree = "<group>";
		};
		46E16C952BC42F43004A414B /* Views */ = {
			isa = PBXGroup;
			children = (
				46661CDA2BC3777C0089ABF5 /* LandingView.swift */,
				46E16C972BC4334C004A414B /* ItemView.swift */,
			);
			path = Views;
			sourceTree = "<group>";
		};
		46E16C992BC433AB004A414B /* Model */ = {
			isa = PBXGroup;
			children = (
				46F5B4DB2BC4B743001270B2 /* ToDoItem.swift */,
			);
			name = Model;
			path = Views;
			sourceTree = "<group>";
		};
		46F5B4DA2BC440D8001270B2 /* Helpers */ = {
			isa = PBXGroup;
			children = (
				46F5B4EC2BFF74F7001270B2 /* Supabase.swift */,
			);
			path = Helpers;
			sourceTree = "<group>";
		};
/* End PBXGroup section */

/* Begin PBXNativeTarget section */
		46661CD42BC3777C0089ABF5 /* To-Do-ListStatic */ = {
			isa = PBXNativeTarget;
			buildConfigurationList = 46661CE32BC3777F0089ABF5 /* Build configuration list for PBXNativeTarget "To-Do-ListStatic" */;
			buildPhases = (
				46661CD12BC3777C0089ABF5 /* Sources */,
				46661CD22BC3777C0089ABF5 /* Frameworks */,
				46661CD32BC3777C0089ABF5 /* Resources */,
			);
			buildRules = (
			);
			dependencies = (
			);
			name = "To-Do-ListStatic";
			packageProductDependencies = (
				46F5B4E02BFF7395001270B2 /* Auth */,
				46F5B4E22BFF7395001270B2 /* Functions */,
				46F5B4E42BFF7395001270B2 /* PostgREST */,
				46F5B4E62BFF7395001270B2 /* Realtime */,
				46F5B4E82BFF7395001270B2 /* Storage */,
				46F5B4EA2BFF7395001270B2 /* Supabase */,
			);
			productName = "To-Do-ListStatic";
			productReference = 46661CD52BC3777C0089ABF5 /* To-Do-ListStatic.app */;
			productType = "com.apple.product-type.application";
		};
/* End PBXNativeTarget section */

/* Begin PBXProject section */
		46661CCD2BC3777C0089ABF5 /* Project object */ = {
			isa = PBXProject;
			attributes = {
				BuildIndependentTargetsInParallel = 1;
				LastSwiftUpdateCheck = 1520;
				LastUpgradeCheck = 1520;
				TargetAttributes = {
					46661CD42BC3777C0089ABF5 = {
						CreatedOnToolsVersion = 15.2;
					};
				};
			};
			buildConfigurationList = 46661CD02BC3777C0089ABF5 /* Build configuration list for PBXProject "To-Do-ListStatic" */;
			compatibilityVersion = "Xcode 14.0";
			developmentRegion = en;
			hasScannedForEncodings = 0;
			knownRegions = (
				en,
				Base,
			);
			mainGroup = 46661CCC2BC3777C0089ABF5;
			packageReferences = (
				46F5B4DF2BFF7395001270B2 /* XCRemoteSwiftPackageReference "supabase-swift" */,
			);
			productRefGroup = 46661CD62BC3777C0089ABF5 /* Products */;
			projectDirPath = "";
			projectRoot = "";
			targets = (
				46661CD42BC3777C0089ABF5 /* To-Do-ListStatic */,
			);
		};
/* End PBXProject section */

/* Begin PBXResourcesBuildPhase section */
		46661CD32BC3777C0089ABF5 /* Resources */ = {
			isa = PBXResourcesBuildPhase;
			buildActionMask = 2147483647;
			files = (
				46661CE02BC3777F0089ABF5 /* Preview Assets.xcassets in Resources */,
				46661CDD2BC3777F0089ABF5 /* Assets.xcassets in Resources */,
			);
			runOnlyForDeploymentPostprocessing = 0;
		};
/* End PBXResourcesBuildPhase section */

/* Begin PBXSourcesBuildPhase section */
		46661CD12BC3777C0089ABF5 /* Sources */ = {
			isa = PBXSourcesBuildPhase;
			buildActionMask = 2147483647;
			files = (
				46F5B4ED2BFF74F7001270B2 /* Supabase.swift in Sources */,
				46661CDB2BC3777C0089ABF5 /* LandingView.swift in Sources */,
				46661CD92BC3777C0089ABF5 /* To_Do_ListStaticApp.swift in Sources */,
				46F5B4DC2BC4B743001270B2 /* ToDoItem.swift in Sources */,
				46E16C982BC4334C004A414B /* ItemView.swift in Sources */,
			);
			runOnlyForDeploymentPostprocessing = 0;
		};
/* End PBXSourcesBuildPhase section */

/* Begin XCBuildConfiguration section */
		46661CE12BC3777F0089ABF5 /* Debug */ = {
			isa = XCBuildConfiguration;
			buildSettings = {
				ALWAYS_SEARCH_USER_PATHS = NO;
				ASSETCATALOG_COMPILER_GENERATE_SWIFT_ASSET_SYMBOL_EXTENSIONS = YES;
				CLANG_ANALYZER_NONNULL = YES;
				CLANG_ANALYZER_NUMBER_OBJECT_CONVERSION = YES_AGGRESSIVE;
				CLANG_CXX_LANGUAGE_STANDARD = "gnu++20";
				CLANG_ENABLE_MODULES = YES;
				CLANG_ENABLE_OBJC_ARC = YES;
				CLANG_ENABLE_OBJC_WEAK = YES;
				CLANG_WARN_BLOCK_CAPTURE_AUTORELEASING = YES;
				CLANG_WARN_BOOL_CONVERSION = YES;
				CLANG_WARN_COMMA = YES;
				CLANG_WARN_CONSTANT_CONVERSION = YES;
				CLANG_WARN_DEPRECATED_OBJC_IMPLEMENTATIONS = YES;
				CLANG_WARN_DIRECT_OBJC_ISA_USAGE = YES_ERROR;
				CLANG_WARN_DOCUMENTATION_COMMENTS = YES;
				CLANG_WARN_EMPTY_BODY = YES;
				CLANG_WARN_ENUM_CONVERSION = YES;
				CLANG_WARN_INFINITE_RECURSION = YES;
				CLANG_WARN_INT_CONVERSION = YES;
				CLANG_WARN_NON_LITERAL_NULL_CONVERSION = YES;
				CLANG_WARN_OBJC_IMPLICIT_RETAIN_SELF = YES;
				CLANG_WARN_OBJC_LITERAL_CONVERSION = YES;
				CLANG_WARN_OBJC_ROOT_CLASS = YES_ERROR;
				CLANG_WARN_QUOTED_INCLUDE_IN_FRAMEWORK_HEADER = YES;
				CLANG_WARN_RANGE_LOOP_ANALYSIS = YES;
				CLANG_WARN_STRICT_PROTOTYPES = YES;
				CLANG_WARN_SUSPICIOUS_MOVE = YES;
				CLANG_WARN_UNGUARDED_AVAILABILITY = YES_AGGRESSIVE;
				CLANG_WARN_UNREACHABLE_CODE = YES;
				CLANG_WARN__DUPLICATE_METHOD_MATCH = YES;
				COPY_PHASE_STRIP = NO;
				DEBUG_INFORMATION_FORMAT = dwarf;
				ENABLE_STRICT_OBJC_MSGSEND = YES;
				ENABLE_TESTABILITY = YES;
				ENABLE_USER_SCRIPT_SANDBOXING = YES;
				GCC_C_LANGUAGE_STANDARD = gnu17;
				GCC_DYNAMIC_NO_PIC = NO;
				GCC_NO_COMMON_BLOCKS = YES;
				GCC_OPTIMIZATION_LEVEL = 0;
				GCC_PREPROCESSOR_DEFINITIONS = (
					"DEBUG=1",
					"$(inherited)",
				);
				GCC_WARN_64_TO_32_BIT_CONVERSION = YES;
				GCC_WARN_ABOUT_RETURN_TYPE = YES_ERROR;
				GCC_WARN_UNDECLARED_SELECTOR = YES;
				GCC_WARN_UNINITIALIZED_AUTOS = YES_AGGRESSIVE;
				GCC_WARN_UNUSED_FUNCTION = YES;
				GCC_WARN_UNUSED_VARIABLE = YES;
				IPHONEOS_DEPLOYMENT_TARGET = 17.2;
				LOCALIZATION_PREFERS_STRING_CATALOGS = YES;
				MTL_ENABLE_DEBUG_INFO = INCLUDE_SOURCE;
				MTL_FAST_MATH = YES;
				ONLY_ACTIVE_ARCH = YES;
				SDKROOT = iphoneos;
				SWIFT_ACTIVE_COMPILATION_CONDITIONS = "DEBUG $(inherited)";
				SWIFT_OPTIMIZATION_LEVEL = "-Onone";
			};
			name = Debug;
		};
		46661CE22BC3777F0089ABF5 /* Release */ = {
			isa = XCBuildConfiguration;
			buildSettings = {
				ALWAYS_SEARCH_USER_PATHS = NO;
				ASSETCATALOG_COMPILER_GENERATE_SWIFT_ASSET_SYMBOL_EXTENSIONS = YES;
				CLANG_ANALYZER_NONNULL = YES;
				CLANG_ANALYZER_NUMBER_OBJECT_CONVERSION = YES_AGGRESSIVE;
				CLANG_CXX_LANGUAGE_STANDARD = "gnu++20";
				CLANG_ENABLE_MODULES = YES;
				CLANG_ENABLE_OBJC_ARC = YES;
				CLANG_ENABLE_OBJC_WEAK = YES;
				CLANG_WARN_BLOCK_CAPTURE_AUTORELEASING = YES;
				CLANG_WARN_BOOL_CONVERSION = YES;
				CLANG_WARN_COMMA = YES;
				CLANG_WARN_CONSTANT_CONVERSION = YES;
				CLANG_WARN_DEPRECATED_OBJC_IMPLEMENTATIONS = YES;
				CLANG_WARN_DIRECT_OBJC_ISA_USAGE = YES_ERROR;
				CLANG_WARN_DOCUMENTATION_COMMENTS = YES;
				CLANG_WARN_EMPTY_BODY = YES;
				CLANG_WARN_ENUM_CONVERSION = YES;
				CLANG_WARN_INFINITE_RECURSION = YES;
				CLANG_WARN_INT_CONVERSION = YES;
				CLANG_WARN_NON_LITERAL_NULL_CONVERSION = YES;
				CLANG_WARN_OBJC_IMPLICIT_RETAIN_SELF = YES;
				CLANG_WARN_OBJC_LITERAL_CONVERSION = YES;
				CLANG_WARN_OBJC_ROOT_CLASS = YES_ERROR;
				CLANG_WARN_QUOTED_INCLUDE_IN_FRAMEWORK_HEADER = YES;
				CLANG_WARN_RANGE_LOOP_ANALYSIS = YES;
				CLANG_WARN_STRICT_PROTOTYPES = YES;
				CLANG_WARN_SUSPICIOUS_MOVE = YES;
				CLANG_WARN_UNGUARDED_AVAILABILITY = YES_AGGRESSIVE;
				CLANG_WARN_UNREACHABLE_CODE = YES;
				CLANG_WARN__DUPLICATE_METHOD_MATCH = YES;
				COPY_PHASE_STRIP = NO;
				DEBUG_INFORMATION_FORMAT = "dwarf-with-dsym";
				ENABLE_NS_ASSERTIONS = NO;
				ENABLE_STRICT_OBJC_MSGSEND = YES;
				ENABLE_USER_SCRIPT_SANDBOXING = YES;
				GCC_C_LANGUAGE_STANDARD = gnu17;
				GCC_NO_COMMON_BLOCKS = YES;
				GCC_WARN_64_TO_32_BIT_CONVERSION = YES;
				GCC_WARN_ABOUT_RETURN_TYPE = YES_ERROR;
				GCC_WARN_UNDECLARED_SELECTOR = YES;
				GCC_WARN_UNINITIALIZED_AUTOS = YES_AGGRESSIVE;
				GCC_WARN_UNUSED_FUNCTION = YES;
				GCC_WARN_UNUSED_VARIABLE = YES;
				IPHONEOS_DEPLOYMENT_TARGET = 17.2;
				LOCALIZATION_PREFERS_STRING_CATALOGS = YES;
				MTL_ENABLE_DEBUG_INFO = NO;
				MTL_FAST_MATH = YES;
				SDKROOT = iphoneos;
				SWIFT_COMPILATION_MODE = wholemodule;
				VALIDATE_PRODUCT = YES;
			};
			name = Release;
		};
		46661CE42BC3777F0089ABF5 /* Debug */ = {
			isa = XCBuildConfiguration;
			buildSettings = {
				ASSETCATALOG_COMPILER_APPICON_NAME = AppIcon;
				ASSETCATALOG_COMPILER_GLOBAL_ACCENT_COLOR_NAME = AccentColor;
				CODE_SIGN_STYLE = Automatic;
				CURRENT_PROJECT_VERSION = 1;
				DEVELOPMENT_ASSET_PATHS = "\"To-Do-ListStatic/Preview Content\"";
				DEVELOPMENT_TEAM = 375ANLL4RU;
				ENABLE_PREVIEWS = YES;
				GENERATE_INFOPLIST_FILE = YES;
				INFOPLIST_KEY_UIApplicationSceneManifest_Generation = YES;
				INFOPLIST_KEY_UIApplicationSupportsIndirectInputEvents = YES;
				INFOPLIST_KEY_UILaunchScreen_Generation = YES;
				INFOPLIST_KEY_UISupportedInterfaceOrientations_iPad = "UIInterfaceOrientationPortrait UIInterfaceOrientationPortraitUpsideDown UIInterfaceOrientationLandscapeLeft UIInterfaceOrientationLandscapeRight";
				INFOPLIST_KEY_UISupportedInterfaceOrientations_iPhone = "UIInterfaceOrientationPortrait UIInterfaceOrientationLandscapeLeft UIInterfaceOrientationLandscapeRight";
				LD_RUNPATH_SEARCH_PATHS = (
					"$(inherited)",
					"@executable_path/Frameworks",
				);
				MARKETING_VERSION = 1.0;
				PRODUCT_BUNDLE_IDENTIFIER = "ca.carivandermerwe.To-Do-ListStatic";
				PRODUCT_NAME = "$(TARGET_NAME)";
				SWIFT_EMIT_LOC_STRINGS = YES;
				SWIFT_VERSION = 5.0;
				TARGETED_DEVICE_FAMILY = "1,2";
			};
			name = Debug;
		};
		46661CE52BC3777F0089ABF5 /* Release */ = {
			isa = XCBuildConfiguration;
			buildSettings = {
				ASSETCATALOG_COMPILER_APPICON_NAME = AppIcon;
				ASSETCATALOG_COMPILER_GLOBAL_ACCENT_COLOR_NAME = AccentColor;
				CODE_SIGN_STYLE = Automatic;
				CURRENT_PROJECT_VERSION = 1;
				DEVELOPMENT_ASSET_PATHS = "\"To-Do-ListStatic/Preview Content\"";
				DEVELOPMENT_TEAM = 375ANLL4RU;
				ENABLE_PREVIEWS = YES;
				GENERATE_INFOPLIST_FILE = YES;
				INFOPLIST_KEY_UIApplicationSceneManifest_Generation = YES;
				INFOPLIST_KEY_UIApplicationSupportsIndirectInputEvents = YES;
				INFOPLIST_KEY_UILaunchScreen_Generation = YES;
				INFOPLIST_KEY_UISupportedInterfaceOrientations_iPad = "UIInterfaceOrientationPortrait UIInterfaceOrientationPortraitUpsideDown UIInterfaceOrientationLandscapeLeft UIInterfaceOrientationLandscapeRight";
				INFOPLIST_KEY_UISupportedInterfaceOrientations_iPhone = "UIInterfaceOrientationPortrait UIInterfaceOrientationLandscapeLeft UIInterfaceOrientationLandscapeRight";
				LD_RUNPATH_SEARCH_PATHS = (
					"$(inherited)",
					"@executable_path/Frameworks",
				);
				MARKETING_VERSION = 1.0;
				PRODUCT_BUNDLE_IDENTIFIER = "ca.carivandermerwe.To-Do-ListStatic";
				PRODUCT_NAME = "$(TARGET_NAME)";
				SWIFT_EMIT_LOC_STRINGS = YES;
				SWIFT_VERSION = 5.0;
				TARGETED_DEVICE_FAMILY = "1,2";
			};
			name = Release;
		};
/* End XCBuildConfiguration section */

/* Begin XCConfigurationList section */
		46661CD02BC3777C0089ABF5 /* Build configuration list for PBXProject "To-Do-ListStatic" */ = {
			isa = XCConfigurationList;
			buildConfigurations = (
				46661CE12BC3777F0089ABF5 /* Debug */,
				46661CE22BC3777F0089ABF5 /* Release */,
			);
			defaultConfigurationIsVisible = 0;
			defaultConfigurationName = Release;
		};
		46661CE32BC3777F0089ABF5 /* Build configuration list for PBXNativeTarget "To-Do-ListStatic" */ = {
			isa = XCConfigurationList;
			buildConfigurations = (
				46661CE42BC3777F0089ABF5 /* Debug */,
				46661CE52BC3777F0089ABF5 /* Release */,
			);
			defaultConfigurationIsVisible = 0;
			defaultConfigurationName = Release;
		};
/* End XCConfigurationList section */

/* Begin XCRemoteSwiftPackageReference section */
		46F5B4DF2BFF7395001270B2 /* XCRemoteSwiftPackageReference "supabase-swift" */ = {
			isa = XCRemoteSwiftPackageReference;
			repositoryURL = "https://github.com/supabase-community/supabase-swift";
			requirement = {
				kind = upToNextMajorVersion;
				minimumVersion = 2.5.1;
			};
		};
/* End XCRemoteSwiftPackageReference section */

/* Begin XCSwiftPackageProductDependency section */
		46F5B4E02BFF7395001270B2 /* Auth */ = {
			isa = XCSwiftPackageProductDependency;
			package = 46F5B4DF2BFF7395001270B2 /* XCRemoteSwiftPackageReference "supabase-swift" */;
			productName = Auth;
		};
		46F5B4E22BFF7395001270B2 /* Functions */ = {
			isa = XCSwiftPackageProductDependency;
			package = 46F5B4DF2BFF7395001270B2 /* XCRemoteSwiftPackageReference "supabase-swift" */;
			productName = Functions;
		};
		46F5B4E42BFF7395001270B2 /* PostgREST */ = {
			isa = XCSwiftPackageProductDependency;
			package = 46F5B4DF2BFF7395001270B2 /* XCRemoteSwiftPackageReference "supabase-swift" */;
			productName = PostgREST;
		};
		46F5B4E62BFF7395001270B2 /* Realtime */ = {
			isa = XCSwiftPackageProductDependency;
			package = 46F5B4DF2BFF7395001270B2 /* XCRemoteSwiftPackageReference "supabase-swift" */;
			productName = Realtime;
		};
		46F5B4E82BFF7395001270B2 /* Storage */ = {
			isa = XCSwiftPackageProductDependency;
			package = 46F5B4DF2BFF7395001270B2 /* XCRemoteSwiftPackageReference "supabase-swift" */;
			productName = Storage;
		};
		46F5B4EA2BFF7395001270B2 /* Supabase */ = {
			isa = XCSwiftPackageProductDependency;
			package = 46F5B4DF2BFF7395001270B2 /* XCRemoteSwiftPackageReference "supabase-swift" */;
			productName = Supabase;
		};
/* End XCSwiftPackageProductDependency section */
	};
	rootObject = 46661CCD2BC3777C0089ABF5 /* Project object */;
}
